
Microsoft Visual Studio Solution File, Format Version 12.00
# Visual Studio Version 16
VisualStudioVersion = 16.0.30907.101
MinimumVisualStudioVersion = 10.0.40219.1
Project("{FAE04EC0-301F-11D3-BF4B-00C04F79EFBC}") = "LoginDemoApp.Android", "LoginDemoApp\LoginDemoApp.Android\LoginDemoApp.Android.csproj", "{D806C0B2-65E4-4485-BBA3-11BF1EC9DC74}"
EndProject
Project("{FAE04EC0-301F-11D3-BF4B-00C04F79EFBC}") = "LoginDemoApp.iOS", "LoginDemoApp\LoginDemoApp.iOS\LoginDemoApp.iOS.csproj", "{7122FF67-70C5-4667-87ED-1EEF2A31847B}"
EndProject
Project("{FAE04EC0-301F-11D3-BF4B-00C04F79EFBC}") = "LoginDemoApp", "LoginDemoApp\LoginDemoApp\LoginDemoApp.csproj", "{84F28BB7-7D15-436C-92A3-1D8D7212EEA9}"
EndProject
Global
	GlobalSection(SolutionConfigurationPlatforms) = preSolution
		Debug|Any CPU = Debug|Any CPU
		Debug|iPhone = Debug|iPhone
		Debug|iPhoneSimulator = Debug|iPhoneSimulator
		Release|Any CPU = Release|Any CPU
		Release|iPhone = Release|iPhone
		Release|iPhoneSimulator = Release|iPhoneSimulator
	EndGlobalSection
	GlobalSection(ProjectConfigurationPlatforms) = postSolution
		{D806C0B2-65E4-4485-BBA3-11BF1EC9DC74}.Debug|Any CPU.ActiveCfg = Debug|Any CPU
		{D806C0B2-65E4-4485-BBA3-11BF1EC9DC74}.Debug|Any CPU.Build.0 = Debug|Any CPU
		{D806C0B2-65E4-4485-BBA3-11BF1EC9DC74}.Debug|Any CPU.Deploy.0 = Debug|Any CPU
		{D806C0B2-65E4-4485-BBA3-11BF1EC9DC74}.Debug|iPhone.ActiveCfg = Debug|Any CPU
		{D806C0B2-65E4-4485-BBA3-11BF1EC9DC74}.Debug|iPhone.Build.0 = Debug|Any CPU
		{D806C0B2-65E4-4485-BBA3-11BF1EC9DC74}.Debug|iPhone.Deploy.0 = Debug|Any CPU
		{D806C0B2-65E4-4485-BBA3-11BF1EC9DC74}.Debug|iPhoneSimulator.ActiveCfg = Debug|Any CPU
		{D806C0B2-65E4-4485-BBA3-11BF1EC9DC74}.Debug|iPhoneSimulator.Build.0 = Debug|Any CPU
		{D806C0B2-65E4-4485-BBA3-11BF1EC9DC74}.Debug|iPhoneSimulator.Deploy.0 = Debug|Any CPU
		{D806C0B2-65E4-4485-BBA3-11BF1EC9DC74}.Release|Any CPU.ActiveCfg = Release|Any CPU
		{D806C0B2-65E4-4485-BBA3-11BF1EC9DC74}.Release|Any CPU.Build.0 = Release|Any CPU
		{D806C0B2-65E4-4485-BBA3-11BF1EC9DC74}.Release|Any CPU.Deploy.0 = Release|Any CPU
		{D806C0B2-65E4-4485-BBA3-11BF1EC9DC74}.Release|iPhone.ActiveCfg = Release|Any CPU
		{D806C0B2-65E4-4485-BBA3-11BF1EC9DC74}.Release|iPhone.Build.0 = Release|Any CPU
		{D806C0B2-65E4-4485-BBA3-11BF1EC9DC74}.Release|iPhone.Deploy.0 = Release|Any CPU
		{D806C0B2-65E4-4485-BBA3-11BF1EC9DC74}.Release|iPhoneSimulator.ActiveCfg = Release|Any CPU
		{D806C0B2-65E4-4485-BBA3-11BF1EC9DC74}.Release|iPhoneSimulator.Build.0 = Release|Any CPU
		{D806C0B2-65E4-4485-BBA3-11BF1EC9DC74}.Release|iPhoneSimulator.Deploy.0 = Release|Any CPU
		{7122FF67-70C5-4667-87ED-1EEF2A31847B}.Debug|Any CPU.ActiveCfg = Debug|iPhone
		{7122FF67-70C5-4667-87ED-1EEF2A31847B}.Debug|Any CPU.Build.0 = Debug|iPhone
		{7122FF67-70C5-4667-87ED-1EEF2A31847B}.Debug|Any CPU.Deploy.0 = Debug|iPhone
		{7122FF67-70C5-4667-87ED-1EEF2A31847B}.Debug|iPhone.ActiveCfg = Debug|iPhone
		{7122FF67-70C5-4667-87ED-1EEF2A31847B}.Debug|iPhone.Build.0 = Debug|iPhone
		{7122FF67-70C5-4667-87ED-1EEF2A31847B}.Debug|iPhone.Deploy.0 = Debug|iPhone
		{7122FF67-70C5-4667-87ED-1EEF2A31847B}.Debug|iPhoneSimulator.ActiveCfg = Debug|iPhoneSimulator
		{7122FF67-70C5-4667-87ED-1EEF2A31847B}.Debug|iPhoneSimulator.Build.0 = Debug|iPhoneSimulator
		{7122FF67-70C5-4667-87ED-1EEF2A31847B}.Debug|iPhoneSimulator.Deploy.0 = Debug|iPhoneSimulator
		{7122FF67-70C5-4667-87ED-1EEF2A31847B}.Release|Any CPU.ActiveCfg = Release|iPhoneSimulator
		{7122FF67-70C5-4667-87ED-1EEF2A31847B}.Release|Any CPU.Build.0 = Release|iPhoneSimulator
		{7122FF67-70C5-4667-87ED-1EEF2A31847B}.Release|Any CPU.Deploy.0 = Release|iPhoneSimulator
		{7122FF67-70C5-4667-87ED-1EEF2A31847B}.Release|iPhone.ActiveCfg = Release|iPhone
		{7122FF67-70C5-4667-87ED-1EEF2A31847B}.Release|iPhone.Build.0 = Release|iPhone
		{7122FF67-70C5-4667-87ED-1EEF2A31847B}.Release|iPhone.Deploy.0 = Release|iPhone
		{7122FF67-70C5-4667-87ED-1EEF2A31847B}.Release|iPhoneSimulator.ActiveCfg = Release|iPhoneSimulator
		{7122FF67-70C5-4667-87ED-1EEF2A31847B}.Release|iPhoneSimulator.Build.0 = Release|iPhoneSimulator
		{7122FF67-70C5-4667-87ED-1EEF2A31847B}.Release|iPhoneSimulator.Deploy.0 = Release|iPhoneSimulator
		{84F28BB7-7D15-436C-92A3-1D8D7212EEA9}.Debug|Any CPU.ActiveCfg = Debug|Any CPU
		{84F28BB7-7D15-436C-92A3-1D8D7212EEA9}.Debug|Any CPU.Build.0 = Debug|Any CPU
		{84F28BB7-7D15-436C-92A3-1D8D7212EEA9}.Debug|Any CPU.Deploy.0 = Debug|Any CPU
		{84F28BB7-7D15-436C-92A3-1D8D7212EEA9}.Debug|iPhone.ActiveCfg = Debug|Any CPU
		{84F28BB7-7D15-436C-92A3-1D8D7212EEA9}.Debug|iPhone.Build.0 = Debug|Any CPU
		{84F28BB7-7D15-436C-92A3-1D8D7212EEA9}.Debug|iPhone.Deploy.0 = Debug|Any CPU
		{84F28BB7-7D15-436C-92A3-1D8D7212EEA9}.Debug|iPhoneSimulator.ActiveCfg = Debug|Any CPU
		{84F28BB7-7D15-436C-92A3-1D8D7212EEA9}.Debug|iPhoneSimulator.Build.0 = Debug|Any CPU
		{84F28BB7-7D15-436C-92A3-1D8D7212EEA9}.Debug|iPhoneSimulator.Deploy.0 = Debug|Any CPU
		{84F28BB7-7D15-436C-92A3-1D8D7212EEA9}.Release|Any CPU.ActiveCfg = Release|Any CPU
		{84F28BB7-7D15-436C-92A3-1D8D7212EEA9}.Release|Any CPU.Build.0 = Release|Any CPU
		{84F28BB7-7D15-436C-92A3-1D8D7212EEA9}.Release|Any CPU.Deploy.0 = Release|Any CPU
		{84F28BB7-7D15-436C-92A3-1D8D7212EEA9}.Release|iPhone.ActiveCfg = Release|Any CPU
		{84F28BB7-7D15-436C-92A3-1D8D7212EEA9}.Release|iPhone.Build.0 = Release|Any CPU
		{84F28BB7-7D15-436C-92A3-1D8D7212EEA9}.Release|iPhone.Deploy.0 = Release|Any CPU
		{84F28BB7-7D15-436C-92A3-1D8D7212EEA9}.Release|iPhoneSimulator.ActiveCfg = Release|Any CPU
		{84F28BB7-7D15-436C-92A3-1D8D7212EEA9}.Release|iPhoneSimulator.Build.0 = Release|Any CPU
		{84F28BB7-7D15-436C-92A3-1D8D7212EEA9}.Release|iPhoneSimulator.Deploy.0 = Release|Any CPU
	EndGlobalSection
	GlobalSection(SolutionProperties) = preSolution
		HideSolutionNode = FALSE
	EndGlobalSection
	GlobalSection(ExtensibilityGlobals) = postSolution
		SolutionGuid = {9C19FCEB-889D-4286-A91C-EE7031172ED2}
	EndGlobalSection
EndGlobal
